// !$*UTF8*$!
{
	archiveVersion = 1;
	classes = {
	};
	objectVersion = 56;
	objects = {

/* Begin PBXBuildFile section */
		5D1234567890ABCD /* App.swift in Sources */ = {isa = PBXBuildFile; fileRef = 5D1234567890ABCE /* App.swift */; };
		5D1234567890ABCF /* ContentView.swift in Sources */ = {isa = PBXBuildFile; fileRef = 5D1234567890ABD0 /* ContentView.swift */; };
		5D1234567890ABD1 /* StockData.swift in Sources */ = {isa = PBXBuildFile; fileRef = 5D1234567890ABD2 /* StockData.swift */; };
		5D1234567890ABD3 /* StockDataService.swift in Sources */ = {isa = PBXBuildFile; fileRef = 5D1234567890ABD4 /* StockDataService.swift */; };
		5D1234567890ABD5 /* StockChartWidget.swift in Sources */ = {isa = PBXBuildFile; fileRef = 5D1234567890ABD6 /* StockChartWidget.swift */; };
		5D1234567890ABD7 /* VolumeWidget.swift in Sources */ = {isa = PBXBuildFile; fileRef = 5D1234567890ABD8 /* VolumeWidget.swift */; };
		5D1234567890ABD9 /* MarketOverviewWidget.swift in Sources */ = {isa = PBXBuildFile; fileRef = 5D1234567890ABDA /* MarketOverviewWidget.swift */; };
		5D1234567890ABDB /* ImmersiveStockView.swift in Sources */ = {isa = PBXBuildFile; fileRef = 5D1234567890ABDC /* ImmersiveStockView.swift */; };
		5D1234567890ABDD /* RealityKitContent in Frameworks */ = {isa = PBXBuildFile; productRef = 5D1234567890ABDE /* RealityKitContent */; };
/* End PBXBuildFile section */

/* Begin PBXFileReference section */
		5D1234567890ABCE /* App.swift */ = {isa = PBXFileReference; lastKnownFileType = sourcecode.swift; path = App.swift; sourceTree = "<group>"; };
		5D1234567890ABD0 /* ContentView.swift */ = {isa = PBXFileReference; lastKnownFileType = sourcecode.swift; path = ContentView.swift; sourceTree = "<group>"; };
		5D1234567890ABD2 /* StockData.swift */ = {isa = PBXFileReference; lastKnownFileType = sourcecode.swift; path = StockData.swift; sourceTree = "<group>"; };
		5D1234567890ABD4 /* StockDataService.swift */ = {isa = PBXFileReference; lastKnownFileType = sourcecode.swift; path = StockDataService.swift; sourceTree = "<group>"; };
		5D1234567890ABD6 /* StockChartWidget.swift */ = {isa = PBXFileReference; lastKnownFileType = sourcecode.swift; path = StockChartWidget.swift; sourceTree = "<group>"; };
		5D1234567890ABD8 /* VolumeWidget.swift */ = {isa = PBXFileReference; lastKnownFileType = sourcecode.swift; path = VolumeWidget.swift; sourceTree = "<group>"; };
		5D1234567890ABDA /* MarketOverviewWidget.swift */ = {isa = PBXFileReference; lastKnownFileType = sourcecode.swift; path = MarketOverviewWidget.swift; sourceTree = "<group>"; };
		5D1234567890ABDC /* ImmersiveStockView.swift */ = {isa = PBXFileReference; lastKnownFileType = sourcecode.swift; path = ImmersiveStockView.swift; sourceTree = "<group>"; };
		5D1234567890ABDF /* VisionProStockDemo.app */ = {isa = PBXFileReference; explicitFileType = wrapper.application; includeInIndex = 0; path = VisionProStockDemo.app; sourceTree = BUILT_PRODUCTS_DIR; };
		5D1234567890ABE0 /* Info.plist */ = {isa = PBXFileReference; lastKnownFileType = text.plist.xml; path = Info.plist; sourceTree = "<group>"; };
/* End PBXFileReference section */

/* Begin PBXFrameworksBuildPhase section */
		5D1234567890ABE1 /* Frameworks */ = {
			isa = PBXFrameworksBuildPhase;
			buildActionMask = 2147483647;
			files = (
				5D1234567890ABDD /* RealityKitContent in Frameworks */,
			);
			runOnlyForDeploymentPostprocessing = 0;
		};
/* End PBXFrameworksBuildPhase section */

/* Begin PBXGroup section */
		5D1234567890ABE2 = {
			isa = PBXGroup;
			children = (
				5D1234567890ABE3 /* VisionProStockDemo */,
				5D1234567890ABE4 /* Products */,
			);
			sourceTree = "<group>";
		};
		5D1234567890ABE3 /* VisionProStockDemo */ = {
			isa = PBXGroup;
			children = (
				5D1234567890ABCE /* App.swift */,
				5D1234567890ABD0 /* ContentView.swift */,
				5D1234567890ABDC /* ImmersiveStockView.swift */,
				5D1234567890ABE5 /* Models */,
				5D1234567890ABE6 /* Views */,
				5D1234567890ABE7 /* Services */,
				5D1234567890ABE0 /* Info.plist */,
			);
			path = VisionProStockDemo;
			sourceTree = "<group>";
		};
		5D1234567890ABE4 /* Products */ = {
			isa = PBXGroup;
			children = (
				5D1234567890ABDF /* VisionProStockDemo.app */,
			);
			name = Products;
			sourceTree = "<group>";
		};
		5D1234567890ABE5 /* Models */ = {
			isa = PBXGroup;
			children = (
				5D1234567890ABD2 /* StockData.swift */,
			);
			path = Models;
			sourceTree = "<group>";
		};
		5D1234567890ABE6 /* Views */ = {
			isa = PBXGroup;
			children = (
				5D1234567890ABE8 /* Widgets */,
			);
			path = Views;
			sourceTree = "<group>";
		};
		5D1234567890ABE7 /* Services */ = {
			isa = PBXGroup;
			children = (
				5D1234567890ABD4 /* StockDataService.swift */,
			);
			path = Services;
			sourceTree = "<group>";
		};
		5D1234567890ABE8 /* Widgets */ = {
			isa = PBXGroup;
			children = (
				5D1234567890ABD6 /* StockChartWidget.swift */,
				5D1234567890ABD8 /* VolumeWidget.swift */,
				5D1234567890ABDA /* MarketOverviewWidget.swift */,
			);
			path = Widgets;
			sourceTree = "<group>";
		};
/* End PBXGroup section */

/* Begin PBXNativeTarget section */
		5D1234567890ABE9 /* VisionProStockDemo */ = {
			isa = PBXNativeTarget;
			buildConfigurationList = 5D1234567890ABEA /* Build configuration list for PBXNativeTarget "VisionProStockDemo" */;
			buildPhases = (
				5D1234567890ABEB /* Sources */,
				5D1234567890ABE1 /* Frameworks */,
				5D1234567890ABEC /* Resources */,
			);
			buildRules = (
			);
			dependencies = (
			);
			name = VisionProStockDemo;
			packageProductDependencies = (
				5D1234567890ABDE /* RealityKitContent */,
			);
			productName = VisionProStockDemo;
			productReference = 5D1234567890ABDF /* VisionProStockDemo.app */;
			productType = "com.apple.product-type.application";
		};
/* End PBXNativeTarget section */

/* Begin PBXProject section */
		5D1234567890ABED /* Project object */ = {
			isa = PBXProject;
			attributes = {
				BuildIndependentTargetsInParallel = 1;
				LastSwiftUpdateCheck = 1530;
				LastUpgradeCheck = 1530;
				TargetAttributes = {
					5D1234567890ABE9 = {
						CreatedOnToolsVersion = 15.3;
					};
				};
			};
			buildConfigurationList = 5D1234567890ABEE /* Build configuration list for PBXProject "VisionProStockDemo" */;
			compatibilityVersion = "Xcode 14.0";
			developmentRegion = en;
			hasScannedForEncodings = 0;
			knownRegions = (
				en,
				Base,
			);
			mainGroup = 5D1234567890ABE2;
			packageReferences = (
			);
			productRefGroup = 5D1234567890ABE4 /* Products */;
			projectDirPath = "";
			projectRoot = "";
			targets = (
				5D1234567890ABE9 /* VisionProStockDemo */,
			);
		};
/* End PBXProject section */

/* Begin PBXResourcesBuildPhase section */
		5D1234567890ABEC /* Resources */ = {
			isa = PBXResourcesBuildPhase;
			buildActionMask = 2147483647;
			files = (
			);
			runOnlyForDeploymentPostprocessing = 0;
		};
/* End PBXResourcesBuildPhase section */

/* Begin PBXSourcesBuildPhase section */
		5D1234567890ABEB /* Sources */ = {
			isa = PBXSourcesBuildPhase;
			buildActionMask = 2147483647;
			files = (
				5D1234567890ABCD /* App.swift in Sources */,
				5D1234567890ABCF /* ContentView.swift in Sources */,
				5D1234567890ABD1 /* StockData.swift in Sources */,
				5D1234567890ABD3 /* StockDataService.swift in Sources */,
				5D1234567890ABD5 /* StockChartWidget.swift in Sources */,
				5D1234567890ABD7 /* VolumeWidget.swift in Sources */,
				5D1234567890ABD9 /* MarketOverviewWidget.swift in Sources */,
				5D1234567890ABDB /* ImmersiveStockView.swift in Sources */,
			);
			runOnlyForDeploymentPostprocessing = 0;
		};
/* End PBXSourcesBuildPhase section */

/* Begin XCBuildConfiguration section */
		5D1234567890ABEF /* Debug */ = {
			isa = XCBuildConfiguration;
			buildSettings = {
				ALWAYS_SEARCH_USER_PATHS = NO;
				ASSETCATALOG_COMPILER_GENERATE_SWIFT_ASSET_SYMBOL_EXTENSIONS = YES;
				CLANG_ANALYZER_NONNULL = YES;
				CLANG_ANALYZER_NUMBER_OBJECT_CONVERSION = YES_AGGRESSIVE;
				CLANG_CXX_LANGUAGE_STANDARD = "gnu++20";
				CLANG_ENABLE_MODULES = YES;
				CLANG_ENABLE_OBJC_ARC = YES;
				CLANG_ENABLE_OBJC_WEAK = YES;
				CLANG_WARN_BLOCK_CAPTURE_AUTORELEASING = YES;
				CLANG_WARN_BOOL_CONVERSION = YES;
				CLANG_WARN_COMMA = YES;
				CLANG_WARN_CONSTANT_CONVERSION = YES;
				CLANG_WARN_DEPRECATED_OBJC_IMPLEMENTATIONS = YES;
				CLANG_WARN_DIRECT_OBJC_ISA_USAGE = YES_ERROR;
				CLANG_WARN_DOCUMENTATION_COMMENTS = YES;
				CLANG_WARN_EMPTY_BODY = YES;
				CLANG_WARN_ENUM_CONVERSION = YES;
				CLANG_WARN_INFINITE_RECURSION = YES;
				CLANG_WARN_INT_CONVERSION = YES;
				CLANG_WARN_NON_LITERAL_NULL_CONVERSION = YES;
				CLANG_WARN_OBJC_IMPLICIT_RETAIN_SELF = YES;
				CLANG_WARN_OBJC_LITERAL_CONVERSION = YES;
				CLANG_WARN_OBJC_ROOT_CLASS = YES_ERROR;
				CLANG_WARN_QUOTED_INCLUDE_IN_FRAMEWORK_HEADER = YES;
				CLANG_WARN_RANGE_LOOP_ANALYSIS = YES;
				CLANG_WARN_STRICT_PROTOTYPES = YES;
				CLANG_WARN_SUSPICIOUS_MOVE = YES;
				CLANG_WARN_UNGUARDED_AVAILABILITY = YES_AGGRESSIVE;
				CLANG_WARN_UNREACHABLE_CODE = YES;
				CLANG_WARN__DUPLICATE_METHOD_MATCH = YES;
				COPY_PHASE_STRIP = NO;
				DEBUG_INFORMATION_FORMAT = dwarf;
				ENABLE_STRICT_OBJC_MSGSEND = YES;
				ENABLE_TESTABILITY = YES;
				ENABLE_USER_SCRIPT_SANDBOXING = YES;
				GCC_C_LANGUAGE_STANDARD = gnu17;
				GCC_DYNAMIC_NO_PIC = NO;
				GCC_NO_COMMON_BLOCKS = YES;
				GCC_OPTIMIZATION_LEVEL = 0;
				GCC_PREPROCESSOR_DEFINITIONS = (
					"DEBUG=1",
					"$(inherited)",
				);
				GCC_WARN_64_TO_32_BIT_CONVERSION = YES;
				GCC_WARN_ABOUT_RETURN_TYPE = YES_ERROR;
				GCC_WARN_UNDECLARED_SELECTOR = YES;
				GCC_WARN_UNINITIALIZED_AUTOS = YES_AGGRESSIVE;
				GCC_WARN_UNUSED_FUNCTION = YES;
				GCC_WARN_UNUSED_VARIABLE = YES;
				LOCALIZATION_PREFERS_STRING_CATALOGS = YES;
				MTL_ENABLE_DEBUG_INFO = INCLUDE_SOURCE;
				MTL_FAST_MATH = YES;
				ONLY_ACTIVE_ARCH = YES;
				SDKROOT = xros;
				SWIFT_ACTIVE_COMPILATION_CONDITIONS = "DEBUG $(inherited)";
				SWIFT_OPTIMIZATION_LEVEL = "-Onone";
				XROS_DEPLOYMENT_TARGET = 1.0;
			};
			name = Debug;
		};
		5D1234567890ABF0 /* Release */ = {
			isa = XCBuildConfiguration;
			buildSettings = {
				ALWAYS_SEARCH_USER_PATHS = NO;
				ASSETCATALOG_COMPILER_GENERATE_SWIFT_ASSET_SYMBOL_EXTENSIONS = YES;
				CLANG_ANALYZER_NONNULL = YES;
				CLANG_ANALYZER_NUMBER_OBJECT_CONVERSION = YES_AGGRESSIVE;
				CLANG_CXX_LANGUAGE_STANDARD = "gnu++20";
				CLANG_ENABLE_MODULES = YES;
				CLANG_ENABLE_OBJC_ARC = YES;
				CLANG_ENABLE_OBJC_WEAK = YES;
				CLANG_WARN_BLOCK_CAPTURE_AUTORELEASING = YES;
				CLANG_WARN_BOOL_CONVERSION = YES;
				CLANG_WARN_COMMA = YES;
				CLANG_WARN_CONSTANT_CONVERSION = YES;
				CLANG_WARN_DEPRECATED_OBJC_IMPLEMENTATIONS = YES;
				CLANG_WARN_DIRECT_OBJC_ISA_USAGE = YES_ERROR;
				CLANG_WARN_DOCUMENTATION_COMMENTS = YES;
				CLANG_WARN_EMPTY_BODY = YES;
				CLANG_WARN_ENUM_CONVERSION = YES;
				CLANG_WARN_INFINITE_RECURSION = YES;
				CLANG_WARN_INT_CONVERSION = YES;
				CLANG_WARN_NON_LITERAL_NULL_CONVERSION = YES;
				CLANG_WARN_OBJC_IMPLICIT_RETAIN_SELF = YES;
				CLANG_WARN_OBJC_LITERAL_CONVERSION = YES;
				CLANG_WARN_OBJC_ROOT_CLASS = YES_ERROR;
				CLANG_WARN_QUOTED_INCLUDE_IN_FRAMEWORK_HEADER = YES;
				CLANG_WARN_RANGE_LOOP_ANALYSIS = YES;
				CLANG_WARN_STRICT_PROTOTYPES = YES;
				CLANG_WARN_SUSPICIOUS_MOVE = YES;
				CLANG_WARN_UNGUARDED_AVAILABILITY = YES_AGGRESSIVE;
				CLANG_WARN_UNREACHABLE_CODE = YES;
				CLANG_WARN__DUPLICATE_METHOD_MATCH = YES;
				COPY_PHASE_STRIP = NO;
				DEBUG_INFORMATION_FORMAT = "dwarf-with-dsym";
				ENABLE_NS_ASSERTIONS = NO;
				ENABLE_STRICT_OBJC_MSGSEND = YES;
				ENABLE_USER_SCRIPT_SANDBOXING = YES;
				GCC_C_LANGUAGE_STANDARD = gnu17;
				GCC_NO_COMMON_BLOCKS = YES;
				GCC_WARN_64_TO_32_BIT_CONVERSION = YES;
				GCC_WARN_ABOUT_RETURN_TYPE = YES_ERROR;
				GCC_WARN_UNDECLARED_SELECTOR = YES;
				GCC_WARN_UNINITIALIZED_AUTOS = YES_AGGRESSIVE;
				GCC_WARN_UNUSED_FUNCTION = YES;
				GCC_WARN_UNUSED_VARIABLE = YES;
				LOCALIZATION_PREFERS_STRING_CATALOGS = YES;
				MTL_ENABLE_DEBUG_INFO = NO;
				MTL_FAST_MATH = YES;
				SDKROOT = xros;
				SWIFT_COMPILATION_MODE = wholemodule;
				VALIDATE_PRODUCT = YES;
				XROS_DEPLOYMENT_TARGET = 1.0;
			};
			name = Release;
		};
		5D1234567890ABF1 /* Debug */ = {
			isa = XCBuildConfiguration;
			buildSettings = {
				ASSETCATALOG_COMPILER_APPICON_NAME = AppIcon;
				ASSETCATALOG_COMPILER_GLOBAL_ACCENT_COLOR_NAME = AccentColor;
				CODE_SIGN_STYLE = Automatic;
				CURRENT_PROJECT_VERSION = 1;
				DEVELOPMENT_ASSET_PATHS = "";
				DEVELOPMENT_TEAM = "";
				ENABLE_PREVIEWS = YES;
				GENERATE_INFOPLIST_FILE = NO;
				INFOPLIST_FILE = VisionProStockDemo/Info.plist;
				INFOPLIST_KEY_CFBundleDisplayName = "Stock Visualization";
				INFOPLIST_KEY_NSHumanReadableCopyright = "";
				LD_RUNPATH_SEARCH_PATHS = (
					"$(inherited)",
					"@executable_path/Frameworks",
				);
				MARKETING_VERSION = 1.0;
				PRODUCT_BUNDLE_IDENTIFIER = com.yourcompany.VisionProStockDemo;
				PRODUCT_NAME = "$(TARGET_NAME)";
				SUPPORTED_PLATFORMS = "xros xrsimulator";
				SWIFT_EMIT_LOC_STRINGS = YES;
				SWIFT_VERSION = 5.0;
				TARGETED_DEVICE_FAMILY = "1,2,7";
			};
			name = Debug;
		};
		5D1234567890ABF2 /* Release */ = {
			isa = XCBuildConfiguration;
			buildSettings = {
				ASSETCATALOG_COMPILER_APPICON_NAME = AppIcon;
				ASSETCATALOG_COMPILER_GLOBAL_ACCENT_COLOR_NAME = AccentColor;
				CODE_SIGN_STYLE = Automatic;
				CURRENT_PROJECT_VERSION = 1;
				DEVELOPMENT_ASSET_PATHS = "";
				DEVELOPMENT_TEAM = "";
				ENABLE_PREVIEWS = YES;
				GENERATE_INFOPLIST_FILE = NO;
				INFOPLIST_FILE = VisionProStockDemo/Info.plist;
				INFOPLIST_KEY_CFBundleDisplayName = "Stock Visualization";
				INFOPLIST_KEY_NSHumanReadableCopyright = "";
				LD_RUNPATH_SEARCH_PATHS = (
					"$(inherited)",
					"@executable_path/Frameworks",
				);
				MARKETING_VERSION = 1.0;
				PRODUCT_BUNDLE_IDENTIFIER = com.yourcompany.VisionProStockDemo;
				PRODUCT_NAME = "$(TARGET_NAME)";
				SUPPORTED_PLATFORMS = "xros xrsimulator";
				SWIFT_EMIT_LOC_STRINGS = YES;
				SWIFT_VERSION = 5.0;
				TARGETED_DEVICE_FAMILY = "1,2,7";
			};
			name = Release;
		};
/* End XCBuildConfiguration section */

/* Begin XCConfigurationList section */
		5D1234567890ABEA /* Build configuration list for PBXNativeTarget "VisionProStockDemo" */ = {
			isa = XCConfigurationList;
			buildConfigurations = (
				5D1234567890ABF1 /* Debug */,
				5D1234567890ABF2 /* Release */,
			);
			defaultConfigurationIsVisible = 0;
			defaultConfigurationName = Release;
		};
		5D1234567890ABEE /* Build configuration list for PBXProject "VisionProStockDemo" */ = {
			isa = XCConfigurationList;
			buildConfigurations = (
				5D1234567890ABEF /* Debug */,
				5D1234567890ABF0 /* Release */,
			);
			defaultConfigurationIsVisible = 0;
			defaultConfigurationName = Release;
		};
/* End XCConfigurationList section */
	};
	rootObject = 5D1234567890ABED /* Project object */;
}
